Microsoft Visual Studio Solution File, Format Version 11.00
# Visual Studio 2008

Project("{9F85110B-0F41-B2D5-FD26-E32D563FA90C}") = "To_Be_Named", "Assembly-CSharp.csproj", "{F748D97B-D3D1-801F-46E9-CF8AB8F86303}"
EndProject
Global
	GlobalSection(SolutionConfigurationPlatforms) = preSolution
		Debug|Any CPU = Debug|Any CPU
		Release|Any CPU = Release|Any CPU
	EndGlobalSection
	GlobalSection(ProjectConfigurationPlatforms) = postSolution
		{F748D97B-D3D1-801F-46E9-CF8AB8F86303}.Debug|Any CPU.ActiveCfg = Debug|Any CPU
		{F748D97B-D3D1-801F-46E9-CF8AB8F86303}.Debug|Any CPU.Build.0 = Debug|Any CPU
		{F748D97B-D3D1-801F-46E9-CF8AB8F86303}.Release|Any CPU.ActiveCfg = Release|Any CPU
		{F748D97B-D3D1-801F-46E9-CF8AB8F86303}.Release|Any CPU.Build.0 = Release|Any CPU
	EndGlobalSection
	GlobalSection(SolutionProperties) = preSolution
		HideSolutionNode = FALSE
	EndGlobalSection
	GlobalSection(MonoDevelopProperties) = preSolution
		StartupItem = Assembly-CSharp.csproj
	EndGlobalSection
EndGlobal
